
Microsoft Visual Studio Solution File, Format Version 12.00
# Visual Studio Version 17
VisualStudioVersion = 17.1.32328.378
MinimumVisualStudioVersion = 10.0.40219.1
Project("{FAE04EC0-301F-11D3-BF4B-00C04F79EFBC}") = "Registration (Edible)", "Registration (Edible).csproj", "{9E7FCE42-02B0-4EB6-90F1-BE87835D80BB}"
EndProject
Global
	GlobalSection(SolutionConfigurationPlatforms) = preSolution
		Debug|Any CPU = Debug|Any CPU
		Release|Any CPU = Release|Any CPU
	EndGlobalSection
	GlobalSection(ProjectConfigurationPlatforms) = postSolution
		{9E7FCE42-02B0-4EB6-90F1-BE87835D80BB}.Debug|Any CPU.ActiveCfg = Debug|Any CPU
		{9E7FCE42-02B0-4EB6-90F1-BE87835D80BB}.Debug|Any CPU.Build.0 = Debug|Any CPU
		{9E7FCE42-02B0-4EB6-90F1-BE87835D80BB}.Release|Any CPU.ActiveCfg = Release|Any CPU
		{9E7FCE42-02B0-4EB6-90F1-BE87835D80BB}.Release|Any CPU.Build.0 = Release|Any CPU
	EndGlobalSection
	GlobalSection(SolutionProperties) = preSolution
		HideSolutionNode = FALSE
	EndGlobalSection
	GlobalSection(ExtensibilityGlobals) = postSolution
		SolutionGuid = {BCB26268-BB12-466A-A623-4CB06A0B661B}
	EndGlobalSection
EndGlobal
